
Microsoft Visual Studio Solution File, Format Version 12.00
# Visual Studio 15
VisualStudioVersion = 15.0.27703.2035
MinimumVisualStudioVersion = 10.0.40219.1
Project("{FAE04EC0-301F-11D3-BF4B-00C04F79EFBC}") = "DigitalRoot", "DigitalRoot\DigitalRoot.csproj", "{1B3A04E6-8AFB-46A2-9BD2-BA03E183E4D9}"
EndProject
Project("{FAE04EC0-301F-11D3-BF4B-00C04F79EFBC}") = "XUnitTestProject1", "XUnitTestProject1\XUnitTestProject1.csproj", "{2296DA72-B06F-490F-AB8D-BAD203EBA102}"
EndProject
Global
	GlobalSection(SolutionConfigurationPlatforms) = preSolution
		Debug|Any CPU = Debug|Any CPU
		Release|Any CPU = Release|Any CPU
	EndGlobalSection
	GlobalSection(ProjectConfigurationPlatforms) = postSolution
		{1B3A04E6-8AFB-46A2-9BD2-BA03E183E4D9}.Debug|Any CPU.ActiveCfg = Debug|Any CPU
		{1B3A04E6-8AFB-46A2-9BD2-BA03E183E4D9}.Debug|Any CPU.Build.0 = Debug|Any CPU
		{1B3A04E6-8AFB-46A2-9BD2-BA03E183E4D9}.Release|Any CPU.ActiveCfg = Release|Any CPU
		{1B3A04E6-8AFB-46A2-9BD2-BA03E183E4D9}.Release|Any CPU.Build.0 = Release|Any CPU
		{2296DA72-B06F-490F-AB8D-BAD203EBA102}.Debug|Any CPU.ActiveCfg = Debug|Any CPU
		{2296DA72-B06F-490F-AB8D-BAD203EBA102}.Debug|Any CPU.Build.0 = Debug|Any CPU
		{2296DA72-B06F-490F-AB8D-BAD203EBA102}.Release|Any CPU.ActiveCfg = Release|Any CPU
		{2296DA72-B06F-490F-AB8D-BAD203EBA102}.Release|Any CPU.Build.0 = Release|Any CPU
	EndGlobalSection
	GlobalSection(SolutionProperties) = preSolution
		HideSolutionNode = FALSE
	EndGlobalSection
	GlobalSection(ExtensibilityGlobals) = postSolution
		SolutionGuid = {0A86235A-4CCC-4135-9AB0-B93DB75420F0}
	EndGlobalSection
EndGlobal
